// !$*UTF8*$!
{
	archiveVersion = 1;
	classes = {
	};
	objectVersion = 50;
	objects = {

/* Begin PBXBuildFile section */
		4710EF461FF2C5B000D3DCA9 /* PocketAPIModification.swift in Sources */ = {isa = PBXBuildFile; fileRef = 4710EF451FF2C5B000D3DCA9 /* PocketAPIModification.swift */; };
		4710EF521FF3FC6A00D3DCA9 /* ListSwipeActionManager.swift in Sources */ = {isa = PBXBuildFile; fileRef = 4710EF511FF3FC6A00D3DCA9 /* ListSwipeActionManager.swift */; };
		4710EF561FF4338A00D3DCA9 /* CoreDataFactory.swift in Sources */ = {isa = PBXBuildFile; fileRef = 4710EF551FF4338A00D3DCA9 /* CoreDataFactory.swift */; };
		4710EF581FF44E5100D3DCA9 /* CoreDataNotifier.swift in Sources */ = {isa = PBXBuildFile; fileRef = 4710EF571FF44E5100D3DCA9 /* CoreDataNotifier.swift */; };
		4710EF5B1FF451C500D3DCA9 /* CoreDataModel.xcdatamodeld in Sources */ = {isa = PBXBuildFile; fileRef = 4710EF591FF451C500D3DCA9 /* CoreDataModel.xcdatamodeld */; };
		4710EF5F1FF50F6A00D3DCA9 /* NSManagedObject.swift in Sources */ = {isa = PBXBuildFile; fileRef = 4710EF5E1FF50F6A00D3DCA9 /* NSManagedObject.swift */; };
		4710EF611FF51D8500D3DCA9 /* Managed.swift in Sources */ = {isa = PBXBuildFile; fileRef = 4710EF601FF51D8500D3DCA9 /* Managed.swift */; };
		47376DE41FF07F9500B8E70C /* Logger.swift in Sources */ = {isa = PBXBuildFile; fileRef = 47376DE31FF07F9500B8E70C /* Logger.swift */; };
		47376DE71FF0831600B8E70C /* Item.swift in Sources */ = {isa = PBXBuildFile; fileRef = 47376DE61FF0831600B8E70C /* Item.swift */; };
		47392348202667E3005526C5 /* LitgiUserDefaults.swift in Sources */ = {isa = PBXBuildFile; fileRef = 47392347202667E3005526C5 /* LitgiUserDefaults.swift */; };
		47392349202667E3005526C5 /* LitgiUserDefaults.swift in Sources */ = {isa = PBXBuildFile; fileRef = 47392347202667E3005526C5 /* LitgiUserDefaults.swift */; };
		474B44202001A52D009897D2 /* SettingsViewController.swift in Sources */ = {isa = PBXBuildFile; fileRef = 474B441E2001A52C009897D2 /* SettingsViewController.swift */; };
		474B44212001A52D009897D2 /* SettingsViewController.xib in Resources */ = {isa = PBXBuildFile; fileRef = 474B441F2001A52C009897D2 /* SettingsViewController.xib */; };
		4752C0832030BCA800988A68 /* Assets.xcassets in Resources */ = {isa = PBXBuildFile; fileRef = 4752C0822030BCA800988A68 /* Assets.xcassets */; };
		4752C0872030F22300988A68 /* FullSyncViewController.swift in Sources */ = {isa = PBXBuildFile; fileRef = 4752C0852030F22300988A68 /* FullSyncViewController.swift */; };
		4752C0882030F22300988A68 /* FullSyncViewController.xib in Resources */ = {isa = PBXBuildFile; fileRef = 4752C0862030F22300988A68 /* FullSyncViewController.xib */; };
		475E177020262CAD007033F1 /* ShareViewController.swift in Sources */ = {isa = PBXBuildFile; fileRef = 475E176F20262CAD007033F1 /* ShareViewController.swift */; };
		475E177320262CAD007033F1 /* MainInterface.storyboard in Resources */ = {isa = PBXBuildFile; fileRef = 475E177120262CAD007033F1 /* MainInterface.storyboard */; };
		475E177720262CAD007033F1 /* ShareExtension.appex in Embed App Extensions */ = {isa = PBXBuildFile; fileRef = 475E176D20262CAD007033F1 /* ShareExtension.appex */; settings = {ATTRIBUTES = (RemoveHeadersOnCopy, ); }; };
		475E177E202633A4007033F1 /* PocketAPIManager.swift in Sources */ = {isa = PBXBuildFile; fileRef = 47EEA3841FF038300030BEF1 /* PocketAPIManager.swift */; };
		475E177F202633A4007033F1 /* PocketAPIConfiguration.swift in Sources */ = {isa = PBXBuildFile; fileRef = 47EEA38A1FF071FF0030BEF1 /* PocketAPIConfiguration.swift */; };
		475E1780202633A4007033F1 /* PocketAPIEndpoint.swift in Sources */ = {isa = PBXBuildFile; fileRef = 47EEA3881FF03C060030BEF1 /* PocketAPIEndpoint.swift */; };
		475E1781202633A4007033F1 /* PocketAPIModification.swift in Sources */ = {isa = PBXBuildFile; fileRef = 4710EF451FF2C5B000D3DCA9 /* PocketAPIModification.swift */; };
		475E1782202633A4007033F1 /* PocketAPIError.swift in Sources */ = {isa = PBXBuildFile; fileRef = 47EEA38F1FF076AA0030BEF1 /* PocketAPIError.swift */; };
		475E1783202633EA007033F1 /* Typealias.swift in Sources */ = {isa = PBXBuildFile; fileRef = 47EEA38C1FF074C70030BEF1 /* Typealias.swift */; };
		475E1784202633F9007033F1 /* Logger.swift in Sources */ = {isa = PBXBuildFile; fileRef = 47376DE31FF07F9500B8E70C /* Logger.swift */; };
		4770ACF51FF111A9006E755D /* UIView.swift in Sources */ = {isa = PBXBuildFile; fileRef = 4770ACF41FF111A9006E755D /* UIView.swift */; };
		4770ACF71FF17AFD006E755D /* Notification.swift in Sources */ = {isa = PBXBuildFile; fileRef = 4770ACF61FF17AFD006E755D /* Notification.swift */; };
		4770ACFB1FF18AF7006E755D /* ListViewController.swift in Sources */ = {isa = PBXBuildFile; fileRef = 4770ACF91FF18AF7006E755D /* ListViewController.swift */; };
		4770ACFE1FF1B108006E755D /* ListDataSource.swift in Sources */ = {isa = PBXBuildFile; fileRef = 4770ACFD1FF1B108006E755D /* ListDataSource.swift */; };
		4770AD001FF1B3B8006E755D /* ReusableCells.swift in Sources */ = {isa = PBXBuildFile; fileRef = 4770ACFF1FF1B3B8006E755D /* ReusableCells.swift */; };
		4770AD031FF1B470006E755D /* ListCell.swift in Sources */ = {isa = PBXBuildFile; fileRef = 4770AD011FF1B470006E755D /* ListCell.swift */; };
		4770AD041FF1B470006E755D /* ListCell.xib in Resources */ = {isa = PBXBuildFile; fileRef = 4770AD021FF1B470006E755D /* ListCell.xib */; };
		47803EA52009674D003D58E2 /* PreferencesManager.swift in Sources */ = {isa = PBXBuildFile; fileRef = 47803EA42009674D003D58E2 /* PreferencesManager.swift */; };
		478F43832037078C003ECCAD /* TabBarController.swift in Sources */ = {isa = PBXBuildFile; fileRef = 478F43822037078C003ECCAD /* TabBarController.swift */; };
		478F43852038B24E003ECCAD /* UITableView + Extensions.swift in Sources */ = {isa = PBXBuildFile; fileRef = 478F43842038B24E003ECCAD /* UITableView + Extensions.swift */; };
		478F43992038E52D003ECCAD /* Localizable.strings in Resources */ = {isa = PBXBuildFile; fileRef = 478F439C2038E52D003ECCAD /* Localizable.strings */; };
		478F439A2038E52D003ECCAD /* Localizable.strings in Resources */ = {isa = PBXBuildFile; fileRef = 478F439C2038E52D003ECCAD /* Localizable.strings */; };
		479E18E520724653002E3BB1 /* PocketConsumerKey in Resources */ = {isa = PBXBuildFile; fileRef = 479E18E420724652002E3BB1 /* PocketConsumerKey */; };
		479E18E620724653002E3BB1 /* PocketConsumerKey in Resources */ = {isa = PBXBuildFile; fileRef = 479E18E420724652002E3BB1 /* PocketConsumerKey */; };
		47A493A7203F6E6B004051A6 /* Bundle.swift in Sources */ = {isa = PBXBuildFile; fileRef = 47A493A6203F6E6B004051A6 /* Bundle.swift */; };
		47D40759200966BD00329544 /* Dependencies.swift in Sources */ = {isa = PBXBuildFile; fileRef = 47D40758200966BD00329544 /* Dependencies.swift */; };
		47DB058020B009BE001485DF /* ListViewController.xib in Resources */ = {isa = PBXBuildFile; fileRef = 47DB057E20B009BE001485DF /* ListViewController.xib */; };
		47DE472B209A53D500770884 /* L10n.swift in Sources */ = {isa = PBXBuildFile; fileRef = 47DE472A209A53D500770884 /* L10n.swift */; };
		47DE472C209A5C6E00770884 /* L10n.swift in Sources */ = {isa = PBXBuildFile; fileRef = 47DE472A209A53D500770884 /* L10n.swift */; };
		47EEA35F1FF02DDD0030BEF1 /* AppDelegate.swift in Sources */ = {isa = PBXBuildFile; fileRef = 47EEA35E1FF02DDD0030BEF1 /* AppDelegate.swift */; };
		47EEA3681FF02DDD0030BEF1 /* Assets.xcassets in Resources */ = {isa = PBXBuildFile; fileRef = 47EEA3671FF02DDD0030BEF1 /* Assets.xcassets */; };
		47EEA36B1FF02DDD0030BEF1 /* LaunchScreen.storyboard in Resources */ = {isa = PBXBuildFile; fileRef = 47EEA3691FF02DDD0030BEF1 /* LaunchScreen.storyboard */; };
		47EEA37A1FF034FD0030BEF1 /* ViewController.swift in Sources */ = {isa = PBXBuildFile; fileRef = 47EEA3791FF034FD0030BEF1 /* ViewController.swift */; };
		47EEA37E1FF035C80030BEF1 /* AuthorizationViewController.swift in Sources */ = {isa = PBXBuildFile; fileRef = 47EEA37C1FF035C80030BEF1 /* AuthorizationViewController.swift */; };
		47EEA37F1FF035C80030BEF1 /* AuthorizationViewController.xib in Resources */ = {isa = PBXBuildFile; fileRef = 47EEA37D1FF035C80030BEF1 /* AuthorizationViewController.xib */; };
		47EEA3831FF037D40030BEF1 /* DataProvider.swift in Sources */ = {isa = PBXBuildFile; fileRef = 47EEA3821FF037D40030BEF1 /* DataProvider.swift */; };
		47EEA3851FF038300030BEF1 /* PocketAPIManager.swift in Sources */ = {isa = PBXBuildFile; fileRef = 47EEA3841FF038300030BEF1 /* PocketAPIManager.swift */; };
		47EEA3871FF038EC0030BEF1 /* ViewControllerFactory.swift in Sources */ = {isa = PBXBuildFile; fileRef = 47EEA3861FF038EC0030BEF1 /* ViewControllerFactory.swift */; };
		47EEA3891FF03C060030BEF1 /* PocketAPIEndpoint.swift in Sources */ = {isa = PBXBuildFile; fileRef = 47EEA3881FF03C060030BEF1 /* PocketAPIEndpoint.swift */; };
		47EEA38B1FF071FF0030BEF1 /* PocketAPIConfiguration.swift in Sources */ = {isa = PBXBuildFile; fileRef = 47EEA38A1FF071FF0030BEF1 /* PocketAPIConfiguration.swift */; };
		47EEA38D1FF074C70030BEF1 /* Typealias.swift in Sources */ = {isa = PBXBuildFile; fileRef = 47EEA38C1FF074C70030BEF1 /* Typealias.swift */; };
		47EEA3901FF076AA0030BEF1 /* PocketAPIError.swift in Sources */ = {isa = PBXBuildFile; fileRef = 47EEA38F1FF076AA0030BEF1 /* PocketAPIError.swift */; };
/* End PBXBuildFile section */

/* Begin PBXContainerItemProxy section */
		475E177520262CAD007033F1 /* PBXContainerItemProxy */ = {
			isa = PBXContainerItemProxy;
			containerPortal = 47EEA3531FF02DDD0030BEF1 /* Project object */;
			proxyType = 1;
			remoteGlobalIDString = 475E176C20262CAD007033F1;
			remoteInfo = ShareExtension;
		};
/* End PBXContainerItemProxy section */

/* Begin PBXCopyFilesBuildPhase section */
		475E177B20262CAD007033F1 /* Embed App Extensions */ = {
			isa = PBXCopyFilesBuildPhase;
			buildActionMask = 2147483647;
			dstPath = "";
			dstSubfolderSpec = 13;
			files = (
				475E177720262CAD007033F1 /* ShareExtension.appex in Embed App Extensions */,
			);
			name = "Embed App Extensions";
			runOnlyForDeploymentPostprocessing = 0;
		};
/* End PBXCopyFilesBuildPhase section */

/* Begin PBXFileReference section */
		4710EF451FF2C5B000D3DCA9 /* PocketAPIModification.swift */ = {isa = PBXFileReference; lastKnownFileType = sourcecode.swift; path = PocketAPIModification.swift; sourceTree = "<group>"; };
		4710EF511FF3FC6A00D3DCA9 /* ListSwipeActionManager.swift */ = {isa = PBXFileReference; lastKnownFileType = sourcecode.swift; path = ListSwipeActionManager.swift; sourceTree = "<group>"; };
		4710EF551FF4338A00D3DCA9 /* CoreDataFactory.swift */ = {isa = PBXFileReference; lastKnownFileType = sourcecode.swift; path = CoreDataFactory.swift; sourceTree = "<group>"; };
		4710EF571FF44E5100D3DCA9 /* CoreDataNotifier.swift */ = {isa = PBXFileReference; lastKnownFileType = sourcecode.swift; path = CoreDataNotifier.swift; sourceTree = "<group>"; };
		4710EF5A1FF451C500D3DCA9 /* CoreDataModel.xcdatamodel */ = {isa = PBXFileReference; lastKnownFileType = wrapper.xcdatamodel; path = CoreDataModel.xcdatamodel; sourceTree = "<group>"; };
		4710EF5E1FF50F6A00D3DCA9 /* NSManagedObject.swift */ = {isa = PBXFileReference; lastKnownFileType = sourcecode.swift; path = NSManagedObject.swift; sourceTree = "<group>"; };
		4710EF601FF51D8500D3DCA9 /* Managed.swift */ = {isa = PBXFileReference; lastKnownFileType = sourcecode.swift; path = Managed.swift; sourceTree = "<group>"; };
		47376DE31FF07F9500B8E70C /* Logger.swift */ = {isa = PBXFileReference; lastKnownFileType = sourcecode.swift; path = Logger.swift; sourceTree = "<group>"; };
		47376DE61FF0831600B8E70C /* Item.swift */ = {isa = PBXFileReference; lastKnownFileType = sourcecode.swift; path = Item.swift; sourceTree = "<group>"; };
		47392347202667E3005526C5 /* LitgiUserDefaults.swift */ = {isa = PBXFileReference; lastKnownFileType = sourcecode.swift; path = LitgiUserDefaults.swift; sourceTree = "<group>"; };
		474B441E2001A52C009897D2 /* SettingsViewController.swift */ = {isa = PBXFileReference; lastKnownFileType = sourcecode.swift; path = SettingsViewController.swift; sourceTree = "<group>"; };
		474B441F2001A52C009897D2 /* SettingsViewController.xib */ = {isa = PBXFileReference; lastKnownFileType = file.xib; path = SettingsViewController.xib; sourceTree = "<group>"; };
		4752C0822030BCA800988A68 /* Assets.xcassets */ = {isa = PBXFileReference; lastKnownFileType = folder.assetcatalog; path = Assets.xcassets; sourceTree = "<group>"; };
		4752C0852030F22300988A68 /* FullSyncViewController.swift */ = {isa = PBXFileReference; lastKnownFileType = sourcecode.swift; path = FullSyncViewController.swift; sourceTree = "<group>"; };
		4752C0862030F22300988A68 /* FullSyncViewController.xib */ = {isa = PBXFileReference; lastKnownFileType = file.xib; path = FullSyncViewController.xib; sourceTree = "<group>"; };
		475E176D20262CAD007033F1 /* ShareExtension.appex */ = {isa = PBXFileReference; explicitFileType = "wrapper.app-extension"; includeInIndex = 0; path = ShareExtension.appex; sourceTree = BUILT_PRODUCTS_DIR; };
		475E176F20262CAD007033F1 /* ShareViewController.swift */ = {isa = PBXFileReference; lastKnownFileType = sourcecode.swift; path = ShareViewController.swift; sourceTree = "<group>"; };
		475E177420262CAD007033F1 /* Info.plist */ = {isa = PBXFileReference; lastKnownFileType = text.plist.xml; path = Info.plist; sourceTree = "<group>"; };
		4770ACF41FF111A9006E755D /* UIView.swift */ = {isa = PBXFileReference; lastKnownFileType = sourcecode.swift; path = UIView.swift; sourceTree = "<group>"; };
		4770ACF61FF17AFD006E755D /* Notification.swift */ = {isa = PBXFileReference; lastKnownFileType = sourcecode.swift; path = Notification.swift; sourceTree = "<group>"; };
		4770ACF91FF18AF7006E755D /* ListViewController.swift */ = {isa = PBXFileReference; lastKnownFileType = sourcecode.swift; path = ListViewController.swift; sourceTree = "<group>"; };
		4770ACFD1FF1B108006E755D /* ListDataSource.swift */ = {isa = PBXFileReference; lastKnownFileType = sourcecode.swift; path = ListDataSource.swift; sourceTree = "<group>"; };
		4770ACFF1FF1B3B8006E755D /* ReusableCells.swift */ = {isa = PBXFileReference; lastKnownFileType = sourcecode.swift; path = ReusableCells.swift; sourceTree = "<group>"; };
		4770AD011FF1B470006E755D /* ListCell.swift */ = {isa = PBXFileReference; lastKnownFileType = sourcecode.swift; path = ListCell.swift; sourceTree = "<group>"; };
		4770AD021FF1B470006E755D /* ListCell.xib */ = {isa = PBXFileReference; lastKnownFileType = file.xib; path = ListCell.xib; sourceTree = "<group>"; };
		47803EA42009674D003D58E2 /* PreferencesManager.swift */ = {isa = PBXFileReference; lastKnownFileType = sourcecode.swift; path = PreferencesManager.swift; sourceTree = "<group>"; };
		478F43822037078C003ECCAD /* TabBarController.swift */ = {isa = PBXFileReference; lastKnownFileType = sourcecode.swift; path = TabBarController.swift; sourceTree = "<group>"; };
		478F43842038B24E003ECCAD /* UITableView + Extensions.swift */ = {isa = PBXFileReference; lastKnownFileType = sourcecode.swift; path = "UITableView + Extensions.swift"; sourceTree = "<group>"; };
		478F43A02038E5A8003ECCAD /* Base */ = {isa = PBXFileReference; lastKnownFileType = file.storyboard; name = Base; path = Base.lproj/MainInterface.storyboard; sourceTree = "<group>"; };
		478F43A12038E77B003ECCAD /* en */ = {isa = PBXFileReference; lastKnownFileType = text.plist.strings; name = en; path = en.lproj/Localizable.strings; sourceTree = "<group>"; };
		479E18E420724652002E3BB1 /* PocketConsumerKey */ = {isa = PBXFileReference; fileEncoding = 4; lastKnownFileType = text; path = PocketConsumerKey; sourceTree = "<group>"; };
		47A493A6203F6E6B004051A6 /* Bundle.swift */ = {isa = PBXFileReference; lastKnownFileType = sourcecode.swift; path = Bundle.swift; sourceTree = "<group>"; };
		47D40758200966BD00329544 /* Dependencies.swift */ = {isa = PBXFileReference; lastKnownFileType = sourcecode.swift; path = Dependencies.swift; sourceTree = "<group>"; };
		47DB057E20B009BE001485DF /* ListViewController.xib */ = {isa = PBXFileReference; lastKnownFileType = file.xib; path = ListViewController.xib; sourceTree = "<group>"; };
		47DE472A209A53D500770884 /* L10n.swift */ = {isa = PBXFileReference; lastKnownFileType = sourcecode.swift; path = L10n.swift; sourceTree = "<group>"; };
		47E6128A203085BA00D26472 /* llitgi.entitlements */ = {isa = PBXFileReference; lastKnownFileType = text.plist.entitlements; path = llitgi.entitlements; sourceTree = "<group>"; };
		47E6128B203085DB00D26472 /* ShareExtension.entitlements */ = {isa = PBXFileReference; lastKnownFileType = text.plist.entitlements; path = ShareExtension.entitlements; sourceTree = "<group>"; };
		47EEA35B1FF02DDD0030BEF1 /* llitgi.app */ = {isa = PBXFileReference; explicitFileType = wrapper.application; includeInIndex = 0; path = llitgi.app; sourceTree = BUILT_PRODUCTS_DIR; };
		47EEA35E1FF02DDD0030BEF1 /* AppDelegate.swift */ = {isa = PBXFileReference; lastKnownFileType = sourcecode.swift; path = AppDelegate.swift; sourceTree = "<group>"; };
		47EEA3671FF02DDD0030BEF1 /* Assets.xcassets */ = {isa = PBXFileReference; lastKnownFileType = folder.assetcatalog; path = Assets.xcassets; sourceTree = "<group>"; };
		47EEA36A1FF02DDD0030BEF1 /* Base */ = {isa = PBXFileReference; lastKnownFileType = file.storyboard; name = Base; path = Base.lproj/LaunchScreen.storyboard; sourceTree = "<group>"; };
		47EEA36C1FF02DDD0030BEF1 /* Info.plist */ = {isa = PBXFileReference; lastKnownFileType = text.plist.xml; path = Info.plist; sourceTree = "<group>"; };
		47EEA3791FF034FD0030BEF1 /* ViewController.swift */ = {isa = PBXFileReference; lastKnownFileType = sourcecode.swift; path = ViewController.swift; sourceTree = "<group>"; };
		47EEA37C1FF035C80030BEF1 /* AuthorizationViewController.swift */ = {isa = PBXFileReference; lastKnownFileType = sourcecode.swift; path = AuthorizationViewController.swift; sourceTree = "<group>"; };
		47EEA37D1FF035C80030BEF1 /* AuthorizationViewController.xib */ = {isa = PBXFileReference; lastKnownFileType = file.xib; path = AuthorizationViewController.xib; sourceTree = "<group>"; };
		47EEA3821FF037D40030BEF1 /* DataProvider.swift */ = {isa = PBXFileReference; lastKnownFileType = sourcecode.swift; path = DataProvider.swift; sourceTree = "<group>"; };
		47EEA3841FF038300030BEF1 /* PocketAPIManager.swift */ = {isa = PBXFileReference; lastKnownFileType = sourcecode.swift; path = PocketAPIManager.swift; sourceTree = "<group>"; };
		47EEA3861FF038EC0030BEF1 /* ViewControllerFactory.swift */ = {isa = PBXFileReference; lastKnownFileType = sourcecode.swift; path = ViewControllerFactory.swift; sourceTree = "<group>"; };
		47EEA3881FF03C060030BEF1 /* PocketAPIEndpoint.swift */ = {isa = PBXFileReference; lastKnownFileType = sourcecode.swift; path = PocketAPIEndpoint.swift; sourceTree = "<group>"; };
		47EEA38A1FF071FF0030BEF1 /* PocketAPIConfiguration.swift */ = {isa = PBXFileReference; lastKnownFileType = sourcecode.swift; path = PocketAPIConfiguration.swift; sourceTree = "<group>"; };
		47EEA38C1FF074C70030BEF1 /* Typealias.swift */ = {isa = PBXFileReference; lastKnownFileType = sourcecode.swift; path = Typealias.swift; sourceTree = "<group>"; };
		47EEA38F1FF076AA0030BEF1 /* PocketAPIError.swift */ = {isa = PBXFileReference; lastKnownFileType = sourcecode.swift; path = PocketAPIError.swift; sourceTree = "<group>"; };
/* End PBXFileReference section */

/* Begin PBXFrameworksBuildPhase section */
		475E176A20262CAD007033F1 /* Frameworks */ = {
			isa = PBXFrameworksBuildPhase;
			buildActionMask = 2147483647;
			files = (
			);
			runOnlyForDeploymentPostprocessing = 0;
		};
		47EEA3581FF02DDD0030BEF1 /* Frameworks */ = {
			isa = PBXFrameworksBuildPhase;
			buildActionMask = 2147483647;
			files = (
			);
			runOnlyForDeploymentPostprocessing = 0;
		};
/* End PBXFrameworksBuildPhase section */

/* Begin PBXGroup section */
		4710EF541FF4333600D3DCA9 /* CoreData */ = {
			isa = PBXGroup;
			children = (
				4710EF551FF4338A00D3DCA9 /* CoreDataFactory.swift */,
				4710EF571FF44E5100D3DCA9 /* CoreDataNotifier.swift */,
			);
			path = CoreData;
			sourceTree = "<group>";
		};
		47376DE51FF082F800B8E70C /* Models */ = {
			isa = PBXGroup;
			children = (
				4710EF591FF451C500D3DCA9 /* CoreDataModel.xcdatamodeld */,
				4710EF601FF51D8500D3DCA9 /* Managed.swift */,
				47376DE61FF0831600B8E70C /* Item.swift */,
			);
			path = Models;
			sourceTree = "<group>";
		};
		474B441D2001A517009897D2 /* Settings */ = {
			isa = PBXGroup;
			children = (
				474B441E2001A52C009897D2 /* SettingsViewController.swift */,
				474B441F2001A52C009897D2 /* SettingsViewController.xib */,
			);
			path = Settings;
			sourceTree = "<group>";
		};
		4752C0842030F20300988A68 /* FullSync */ = {
			isa = PBXGroup;
			children = (
				4752C0852030F22300988A68 /* FullSyncViewController.swift */,
				4752C0862030F22300988A68 /* FullSyncViewController.xib */,
			);
			path = FullSync;
			sourceTree = "<group>";
		};
		475E176E20262CAD007033F1 /* ShareExtension */ = {
			isa = PBXGroup;
			children = (
				47E6128B203085DB00D26472 /* ShareExtension.entitlements */,
				475E176F20262CAD007033F1 /* ShareViewController.swift */,
				475E177120262CAD007033F1 /* MainInterface.storyboard */,
				475E177420262CAD007033F1 /* Info.plist */,
				4752C0822030BCA800988A68 /* Assets.xcassets */,
			);
			path = ShareExtension;
			sourceTree = "<group>";
		};
		4770ACF81FF189CD006E755D /* Lists */ = {
			isa = PBXGroup;
			children = (
				4770ACF91FF18AF7006E755D /* ListViewController.swift */,
				47DB057E20B009BE001485DF /* ListViewController.xib */,
				4770ACFD1FF1B108006E755D /* ListDataSource.swift */,
				4770AD011FF1B470006E755D /* ListCell.swift */,
				4770AD021FF1B470006E755D /* ListCell.xib */,
			);
			path = Lists;
			sourceTree = "<group>";
		};
		47803EA320096727003D58E2 /* Managers */ = {
			isa = PBXGroup;
			children = (
				47803EA42009674D003D58E2 /* PreferencesManager.swift */,
				4710EF511FF3FC6A00D3DCA9 /* ListSwipeActionManager.swift */,
			);
			path = Managers;
			sourceTree = "<group>";
		};
		47EEA3521FF02DDD0030BEF1 = {
			isa = PBXGroup;
			children = (
				47EEA35D1FF02DDD0030BEF1 /* llitgi */,
				475E176E20262CAD007033F1 /* ShareExtension */,
				47EEA35C1FF02DDD0030BEF1 /* Products */,
			);
			sourceTree = "<group>";
		};
		47EEA35C1FF02DDD0030BEF1 /* Products */ = {
			isa = PBXGroup;
			children = (
				47EEA35B1FF02DDD0030BEF1 /* llitgi.app */,
				475E176D20262CAD007033F1 /* ShareExtension.appex */,
			);
			name = Products;
			sourceTree = "<group>";
		};
		47EEA35D1FF02DDD0030BEF1 /* llitgi */ = {
			isa = PBXGroup;
			children = (
				47EEA35E1FF02DDD0030BEF1 /* AppDelegate.swift */,
				47EEA3801FF037B30030BEF1 /* DataProvider */,
				47803EA320096727003D58E2 /* Managers */,
				47376DE51FF082F800B8E70C /* Models */,
				47EEA3781FF034E80030BEF1 /* ViewControllers */,
				47EEA38E1FF074D80030BEF1 /* Extensions & Helpers */,
				47EEA3721FF02F750030BEF1 /* Resources */,
			);
			path = llitgi;
			sourceTree = "<group>";
		};
		47EEA3721FF02F750030BEF1 /* Resources */ = {
			isa = PBXGroup;
			children = (
				47EEA3671FF02DDD0030BEF1 /* Assets.xcassets */,
				478F439C2038E52D003ECCAD /* Localizable.strings */,
				47EEA3691FF02DDD0030BEF1 /* LaunchScreen.storyboard */,
				47EEA36C1FF02DDD0030BEF1 /* Info.plist */,
				47E6128A203085BA00D26472 /* llitgi.entitlements */,
				479E18E420724652002E3BB1 /* PocketConsumerKey */,
			);
			path = Resources;
			sourceTree = "<group>";
		};
		47EEA3781FF034E80030BEF1 /* ViewControllers */ = {
			isa = PBXGroup;
			children = (
				47EEA3861FF038EC0030BEF1 /* ViewControllerFactory.swift */,
				47EEA3791FF034FD0030BEF1 /* ViewController.swift */,
				478F43822037078C003ECCAD /* TabBarController.swift */,
				47EEA37B1FF035A20030BEF1 /* Authorization */,
				4752C0842030F20300988A68 /* FullSync */,
				4770ACF81FF189CD006E755D /* Lists */,
				474B441D2001A517009897D2 /* Settings */,
			);
			path = ViewControllers;
			sourceTree = "<group>";
		};
		47EEA37B1FF035A20030BEF1 /* Authorization */ = {
			isa = PBXGroup;
			children = (
				47EEA37C1FF035C80030BEF1 /* AuthorizationViewController.swift */,
				47EEA37D1FF035C80030BEF1 /* AuthorizationViewController.xib */,
			);
			path = Authorization;
			sourceTree = "<group>";
		};
		47EEA3801FF037B30030BEF1 /* DataProvider */ = {
			isa = PBXGroup;
			children = (
				47EEA3821FF037D40030BEF1 /* DataProvider.swift */,
				4710EF541FF4333600D3DCA9 /* CoreData */,
				47EEA3811FF037C90030BEF1 /* PocketAPI */,
			);
			path = DataProvider;
			sourceTree = "<group>";
		};
		47EEA3811FF037C90030BEF1 /* PocketAPI */ = {
			isa = PBXGroup;
			children = (
				47EEA3841FF038300030BEF1 /* PocketAPIManager.swift */,
				47EEA38A1FF071FF0030BEF1 /* PocketAPIConfiguration.swift */,
				47EEA3881FF03C060030BEF1 /* PocketAPIEndpoint.swift */,
				4710EF451FF2C5B000D3DCA9 /* PocketAPIModification.swift */,
				47EEA38F1FF076AA0030BEF1 /* PocketAPIError.swift */,
			);
			path = PocketAPI;
			sourceTree = "<group>";
		};
		47EEA38E1FF074D80030BEF1 /* Extensions & Helpers */ = {
			isa = PBXGroup;
			children = (
				47D40758200966BD00329544 /* Dependencies.swift */,
				47392347202667E3005526C5 /* LitgiUserDefaults.swift */,
				47DE472A209A53D500770884 /* L10n.swift */,
				47376DE31FF07F9500B8E70C /* Logger.swift */,
				47EEA38C1FF074C70030BEF1 /* Typealias.swift */,
				4770ACF41FF111A9006E755D /* UIView.swift */,
				4770ACF61FF17AFD006E755D /* Notification.swift */,
				4770ACFF1FF1B3B8006E755D /* ReusableCells.swift */,
				4710EF5E1FF50F6A00D3DCA9 /* NSManagedObject.swift */,
				478F43842038B24E003ECCAD /* UITableView + Extensions.swift */,
				47A493A6203F6E6B004051A6 /* Bundle.swift */,
			);
			path = "Extensions & Helpers";
			sourceTree = "<group>";
		};
/* End PBXGroup section */

/* Begin PBXNativeTarget section */
		475E176C20262CAD007033F1 /* ShareExtension */ = {
			isa = PBXNativeTarget;
			buildConfigurationList = 475E177820262CAD007033F1 /* Build configuration list for PBXNativeTarget "ShareExtension" */;
			buildPhases = (
				475E176920262CAD007033F1 /* Sources */,
				475E176A20262CAD007033F1 /* Frameworks */,
				475E176B20262CAD007033F1 /* Resources */,
			);
			buildRules = (
			);
			dependencies = (
			);
			name = ShareExtension;
			productName = ShareExtension;
			productReference = 475E176D20262CAD007033F1 /* ShareExtension.appex */;
			productType = "com.apple.product-type.app-extension";
		};
		47EEA35A1FF02DDD0030BEF1 /* llitgi */ = {
			isa = PBXNativeTarget;
			buildConfigurationList = 47EEA36F1FF02DDD0030BEF1 /* Build configuration list for PBXNativeTarget "llitgi" */;
			buildPhases = (
				47EEA3571FF02DDD0030BEF1 /* Sources */,
				47EEA3581FF02DDD0030BEF1 /* Frameworks */,
				47EEA3591FF02DDD0030BEF1 /* Resources */,
				4710EF531FF40A7F00D3DCA9 /* Highlight TODO & FIXME */,
				475E177B20262CAD007033F1 /* Embed App Extensions */,
			);
			buildRules = (
			);
			dependencies = (
				475E177620262CAD007033F1 /* PBXTargetDependency */,
			);
			name = llitgi;
			productName = ReadLater;
			productReference = 47EEA35B1FF02DDD0030BEF1 /* llitgi.app */;
			productType = "com.apple.product-type.application";
		};
/* End PBXNativeTarget section */

/* Begin PBXProject section */
		47EEA3531FF02DDD0030BEF1 /* Project object */ = {
			isa = PBXProject;
			attributes = {
				LastSwiftUpdateCheck = 0920;
				LastUpgradeCheck = 0930;
				ORGANIZATIONNAME = xmollv;
				TargetAttributes = {
					475E176C20262CAD007033F1 = {
						CreatedOnToolsVersion = 9.2;
						ProvisioningStyle = Automatic;
						SystemCapabilities = {
							com.apple.ApplicationGroups.iOS = {
								enabled = 1;
							};
						};
					};
					47EEA35A1FF02DDD0030BEF1 = {
						CreatedOnToolsVersion = 9.2;
						ProvisioningStyle = Automatic;
						SystemCapabilities = {
							com.apple.ApplicationGroups.iOS = {
								enabled = 1;
							};
							com.apple.BackgroundModes = {
								enabled = 1;
							};
						};
					};
				};
			};
			buildConfigurationList = 47EEA3561FF02DDD0030BEF1 /* Build configuration list for PBXProject "llitgi" */;
			compatibilityVersion = "Xcode 9.3";
			developmentRegion = en;
			hasScannedForEncodings = 0;
			knownRegions = (
				en,
				Base,
			);
			mainGroup = 47EEA3521FF02DDD0030BEF1;
			productRefGroup = 47EEA35C1FF02DDD0030BEF1 /* Products */;
			projectDirPath = "";
			projectRoot = "";
			targets = (
				47EEA35A1FF02DDD0030BEF1 /* llitgi */,
				475E176C20262CAD007033F1 /* ShareExtension */,
			);
		};
/* End PBXProject section */

/* Begin PBXResourcesBuildPhase section */
		475E176B20262CAD007033F1 /* Resources */ = {
			isa = PBXResourcesBuildPhase;
			buildActionMask = 2147483647;
			files = (
				479E18E620724653002E3BB1 /* PocketConsumerKey in Resources */,
				4752C0832030BCA800988A68 /* Assets.xcassets in Resources */,
				478F439A2038E52D003ECCAD /* Localizable.strings in Resources */,
				475E177320262CAD007033F1 /* MainInterface.storyboard in Resources */,
			);
			runOnlyForDeploymentPostprocessing = 0;
		};
		47EEA3591FF02DDD0030BEF1 /* Resources */ = {
			isa = PBXResourcesBuildPhase;
			buildActionMask = 2147483647;
			files = (
				47EEA36B1FF02DDD0030BEF1 /* LaunchScreen.storyboard in Resources */,
				47DB058020B009BE001485DF /* ListViewController.xib in Resources */,
				474B44212001A52D009897D2 /* SettingsViewController.xib in Resources */,
				4752C0882030F22300988A68 /* FullSyncViewController.xib in Resources */,
				47EEA3681FF02DDD0030BEF1 /* Assets.xcassets in Resources */,
				478F43992038E52D003ECCAD /* Localizable.strings in Resources */,
				47EEA37F1FF035C80030BEF1 /* AuthorizationViewController.xib in Resources */,
				4770AD041FF1B470006E755D /* ListCell.xib in Resources */,
				479E18E520724653002E3BB1 /* PocketConsumerKey in Resources */,
			);
			runOnlyForDeploymentPostprocessing = 0;
		};
/* End PBXResourcesBuildPhase section */

/* Begin PBXShellScriptBuildPhase section */
		4710EF531FF40A7F00D3DCA9 /* Highlight TODO & FIXME */ = {
			isa = PBXShellScriptBuildPhase;
			buildActionMask = 2147483647;
			files = (
			);
			inputPaths = (
			);
			name = "Highlight TODO & FIXME";
			outputPaths = (
			);
			runOnlyForDeploymentPostprocessing = 0;
			shellPath = /bin/sh;
			shellScript = "TAGS=\"TODO:|FIXME:\"\nERRORTAG=\"ERROR:\"\nfind \"${SRCROOT}\" \\( -name \"*.swift\" \\) -print0 | xargs -0 egrep --with-filename --line-number --only-matching \"($TAGS).*\\$|($ERRORTAG).*\\$\" | perl -p -e \"s/($TAGS)/ warning: \\$1/\" | perl -p -e \"s/($ERRORTAG)/ error: \\$1/\"";
		};
/* End PBXShellScriptBuildPhase section */

/* Begin PBXSourcesBuildPhase section */
		475E176920262CAD007033F1 /* Sources */ = {
			isa = PBXSourcesBuildPhase;
			buildActionMask = 2147483647;
			files = (
				475E177E202633A4007033F1 /* PocketAPIManager.swift in Sources */,
				475E177020262CAD007033F1 /* ShareViewController.swift in Sources */,
				475E1781202633A4007033F1 /* PocketAPIModification.swift in Sources */,
				475E177F202633A4007033F1 /* PocketAPIConfiguration.swift in Sources */,
				47DE472C209A5C6E00770884 /* L10n.swift in Sources */,
				475E1780202633A4007033F1 /* PocketAPIEndpoint.swift in Sources */,
				475E1782202633A4007033F1 /* PocketAPIError.swift in Sources */,
				475E1783202633EA007033F1 /* Typealias.swift in Sources */,
				47392349202667E3005526C5 /* LitgiUserDefaults.swift in Sources */,
				475E1784202633F9007033F1 /* Logger.swift in Sources */,
			);
			runOnlyForDeploymentPostprocessing = 0;
		};
		47EEA3571FF02DDD0030BEF1 /* Sources */ = {
			isa = PBXSourcesBuildPhase;
			buildActionMask = 2147483647;
			files = (
				4770ACF51FF111A9006E755D /* UIView.swift in Sources */,
				47803EA52009674D003D58E2 /* PreferencesManager.swift in Sources */,
				47EEA37E1FF035C80030BEF1 /* AuthorizationViewController.swift in Sources */,
				47DE472B209A53D500770884 /* L10n.swift in Sources */,
				47376DE41FF07F9500B8E70C /* Logger.swift in Sources */,
				47EEA3901FF076AA0030BEF1 /* PocketAPIError.swift in Sources */,
				4752C0872030F22300988A68 /* FullSyncViewController.swift in Sources */,
				4710EF611FF51D8500D3DCA9 /* Managed.swift in Sources */,
				47EEA38D1FF074C70030BEF1 /* Typealias.swift in Sources */,
				47EEA3871FF038EC0030BEF1 /* ViewControllerFactory.swift in Sources */,
				4770ACFE1FF1B108006E755D /* ListDataSource.swift in Sources */,
				4710EF521FF3FC6A00D3DCA9 /* ListSwipeActionManager.swift in Sources */,
				4710EF581FF44E5100D3DCA9 /* CoreDataNotifier.swift in Sources */,
				47EEA37A1FF034FD0030BEF1 /* ViewController.swift in Sources */,
				47EEA3851FF038300030BEF1 /* PocketAPIManager.swift in Sources */,
				4770ACFB1FF18AF7006E755D /* ListViewController.swift in Sources */,
				47392348202667E3005526C5 /* LitgiUserDefaults.swift in Sources */,
				47EEA3831FF037D40030BEF1 /* DataProvider.swift in Sources */,
				4710EF5F1FF50F6A00D3DCA9 /* NSManagedObject.swift in Sources */,
				4710EF461FF2C5B000D3DCA9 /* PocketAPIModification.swift in Sources */,
				47376DE71FF0831600B8E70C /* Item.swift in Sources */,
				4710EF561FF4338A00D3DCA9 /* CoreDataFactory.swift in Sources */,
				4770ACF71FF17AFD006E755D /* Notification.swift in Sources */,
				4710EF5B1FF451C500D3DCA9 /* CoreDataModel.xcdatamodeld in Sources */,
				478F43832037078C003ECCAD /* TabBarController.swift in Sources */,
				47EEA3891FF03C060030BEF1 /* PocketAPIEndpoint.swift in Sources */,
				47D40759200966BD00329544 /* Dependencies.swift in Sources */,
				47EEA35F1FF02DDD0030BEF1 /* AppDelegate.swift in Sources */,
				4770AD031FF1B470006E755D /* ListCell.swift in Sources */,
				47A493A7203F6E6B004051A6 /* Bundle.swift in Sources */,
				474B44202001A52D009897D2 /* SettingsViewController.swift in Sources */,
				478F43852038B24E003ECCAD /* UITableView + Extensions.swift in Sources */,
				4770AD001FF1B3B8006E755D /* ReusableCells.swift in Sources */,
				47EEA38B1FF071FF0030BEF1 /* PocketAPIConfiguration.swift in Sources */,
			);
			runOnlyForDeploymentPostprocessing = 0;
		};
/* End PBXSourcesBuildPhase section */

/* Begin PBXTargetDependency section */
		475E177620262CAD007033F1 /* PBXTargetDependency */ = {
			isa = PBXTargetDependency;
			target = 475E176C20262CAD007033F1 /* ShareExtension */;
			targetProxy = 475E177520262CAD007033F1 /* PBXContainerItemProxy */;
		};
/* End PBXTargetDependency section */

/* Begin PBXVariantGroup section */
		475E177120262CAD007033F1 /* MainInterface.storyboard */ = {
			isa = PBXVariantGroup;
			children = (
				478F43A02038E5A8003ECCAD /* Base */,
			);
			name = MainInterface.storyboard;
			sourceTree = "<group>";
		};
		478F439C2038E52D003ECCAD /* Localizable.strings */ = {
			isa = PBXVariantGroup;
			children = (
				478F43A12038E77B003ECCAD /* en */,
			);
			name = Localizable.strings;
			sourceTree = "<group>";
		};
		47EEA3691FF02DDD0030BEF1 /* LaunchScreen.storyboard */ = {
			isa = PBXVariantGroup;
			children = (
				47EEA36A1FF02DDD0030BEF1 /* Base */,
			);
			name = LaunchScreen.storyboard;
			sourceTree = "<group>";
		};
/* End PBXVariantGroup section */

/* Begin XCBuildConfiguration section */
		475E177920262CAD007033F1 /* Debug */ = {
			isa = XCBuildConfiguration;
			buildSettings = {
				CODE_SIGN_ENTITLEMENTS = ShareExtension/ShareExtension.entitlements;
				CODE_SIGN_STYLE = Automatic;
				DEVELOPMENT_TEAM = 63PYRNNP7M;
				INFOPLIST_FILE = ShareExtension/Info.plist;
				IPHONEOS_DEPLOYMENT_TARGET = 11.0;
				LD_RUNPATH_SEARCH_PATHS = (
					"$(inherited)",
					"@executable_path/Frameworks",
					"@executable_path/../../Frameworks",
				);
				PRODUCT_BUNDLE_IDENTIFIER = com.xmollv.llitgi.ShareExtension;
				PRODUCT_NAME = "$(TARGET_NAME)";
				SKIP_INSTALL = YES;
				SWIFT_VERSION = 4.0;
				TARGETED_DEVICE_FAMILY = 1;
			};
			name = Debug;
		};
		475E177A20262CAD007033F1 /* Release */ = {
			isa = XCBuildConfiguration;
			buildSettings = {
				CODE_SIGN_ENTITLEMENTS = ShareExtension/ShareExtension.entitlements;
				CODE_SIGN_STYLE = Automatic;
				DEVELOPMENT_TEAM = 63PYRNNP7M;
				INFOPLIST_FILE = ShareExtension/Info.plist;
				IPHONEOS_DEPLOYMENT_TARGET = 11.0;
				LD_RUNPATH_SEARCH_PATHS = (
					"$(inherited)",
					"@executable_path/Frameworks",
					"@executable_path/../../Frameworks",
				);
				PRODUCT_BUNDLE_IDENTIFIER = com.xmollv.llitgi.ShareExtension;
				PRODUCT_NAME = "$(TARGET_NAME)";
				SKIP_INSTALL = YES;
				SWIFT_VERSION = 4.0;
				TARGETED_DEVICE_FAMILY = 1;
			};
			name = Release;
		};
		47EEA36D1FF02DDD0030BEF1 /* Debug */ = {
			isa = XCBuildConfiguration;
			buildSettings = {
				ALWAYS_SEARCH_USER_PATHS = NO;
				CLANG_ANALYZER_LOCALIZABILITY_NONLOCALIZED = YES;
				CLANG_ANALYZER_NONNULL = YES;
				CLANG_ANALYZER_NUMBER_OBJECT_CONVERSION = YES_AGGRESSIVE;
				CLANG_CXX_LANGUAGE_STANDARD = "gnu++14";
				CLANG_CXX_LIBRARY = "libc++";
				CLANG_ENABLE_MODULES = YES;
				CLANG_ENABLE_OBJC_ARC = YES;
				CLANG_WARN_BLOCK_CAPTURE_AUTORELEASING = YES;
				CLANG_WARN_BOOL_CONVERSION = YES;
				CLANG_WARN_COMMA = YES;
				CLANG_WARN_CONSTANT_CONVERSION = YES;
				CLANG_WARN_DEPRECATED_OBJC_IMPLEMENTATIONS = YES;
				CLANG_WARN_DIRECT_OBJC_ISA_USAGE = YES_ERROR;
				CLANG_WARN_DOCUMENTATION_COMMENTS = YES;
				CLANG_WARN_EMPTY_BODY = YES;
				CLANG_WARN_ENUM_CONVERSION = YES;
				CLANG_WARN_INFINITE_RECURSION = YES;
				CLANG_WARN_INT_CONVERSION = YES;
				CLANG_WARN_NON_LITERAL_NULL_CONVERSION = YES;
				CLANG_WARN_OBJC_IMPLICIT_RETAIN_SELF = YES;
				CLANG_WARN_OBJC_LITERAL_CONVERSION = YES;
				CLANG_WARN_OBJC_ROOT_CLASS = YES_ERROR;
				CLANG_WARN_RANGE_LOOP_ANALYSIS = YES;
				CLANG_WARN_STRICT_PROTOTYPES = YES;
				CLANG_WARN_SUSPICIOUS_MOVE = YES;
				CLANG_WARN_UNGUARDED_AVAILABILITY = YES_AGGRESSIVE;
				CLANG_WARN_UNREACHABLE_CODE = YES;
				CLANG_WARN__DUPLICATE_METHOD_MATCH = YES;
				CODE_SIGN_IDENTITY = "iPhone Developer";
				COPY_PHASE_STRIP = NO;
				DEBUG_INFORMATION_FORMAT = dwarf;
				ENABLE_STRICT_OBJC_MSGSEND = YES;
				ENABLE_TESTABILITY = YES;
				GCC_C_LANGUAGE_STANDARD = gnu11;
				GCC_DYNAMIC_NO_PIC = NO;
				GCC_NO_COMMON_BLOCKS = YES;
				GCC_OPTIMIZATION_LEVEL = 0;
				GCC_PREPROCESSOR_DEFINITIONS = (
					"DEBUG=1",
					"$(inherited)",
				);
				GCC_WARN_64_TO_32_BIT_CONVERSION = YES;
				GCC_WARN_ABOUT_RETURN_TYPE = YES_ERROR;
				GCC_WARN_UNDECLARED_SELECTOR = YES;
				GCC_WARN_UNINITIALIZED_AUTOS = YES_AGGRESSIVE;
				GCC_WARN_UNUSED_FUNCTION = YES;
				GCC_WARN_UNUSED_VARIABLE = YES;
				IPHONEOS_DEPLOYMENT_TARGET = 11.3;
				MTL_ENABLE_DEBUG_INFO = YES;
				ONLY_ACTIVE_ARCH = YES;
				SDKROOT = iphoneos;
				SWIFT_ACTIVE_COMPILATION_CONDITIONS = DEBUG;
				SWIFT_COMPILATION_MODE = singlefile;
				SWIFT_OPTIMIZATION_LEVEL = "-Onone";
			};
			name = Debug;
		};
		47EEA36E1FF02DDD0030BEF1 /* Release */ = {
			isa = XCBuildConfiguration;
			buildSettings = {
				ALWAYS_SEARCH_USER_PATHS = NO;
				CLANG_ANALYZER_LOCALIZABILITY_NONLOCALIZED = YES;
				CLANG_ANALYZER_NONNULL = YES;
				CLANG_ANALYZER_NUMBER_OBJECT_CONVERSION = YES_AGGRESSIVE;
				CLANG_CXX_LANGUAGE_STANDARD = "gnu++14";
				CLANG_CXX_LIBRARY = "libc++";
				CLANG_ENABLE_MODULES = YES;
				CLANG_ENABLE_OBJC_ARC = YES;
				CLANG_WARN_BLOCK_CAPTURE_AUTORELEASING = YES;
				CLANG_WARN_BOOL_CONVERSION = YES;
				CLANG_WARN_COMMA = YES;
				CLANG_WARN_CONSTANT_CONVERSION = YES;
				CLANG_WARN_DEPRECATED_OBJC_IMPLEMENTATIONS = YES;
				CLANG_WARN_DIRECT_OBJC_ISA_USAGE = YES_ERROR;
				CLANG_WARN_DOCUMENTATION_COMMENTS = YES;
				CLANG_WARN_EMPTY_BODY = YES;
				CLANG_WARN_ENUM_CONVERSION = YES;
				CLANG_WARN_INFINITE_RECURSION = YES;
				CLANG_WARN_INT_CONVERSION = YES;
				CLANG_WARN_NON_LITERAL_NULL_CONVERSION = YES;
				CLANG_WARN_OBJC_IMPLICIT_RETAIN_SELF = YES;
				CLANG_WARN_OBJC_LITERAL_CONVERSION = YES;
				CLANG_WARN_OBJC_ROOT_CLASS = YES_ERROR;
				CLANG_WARN_RANGE_LOOP_ANALYSIS = YES;
				CLANG_WARN_STRICT_PROTOTYPES = YES;
				CLANG_WARN_SUSPICIOUS_MOVE = YES;
				CLANG_WARN_UNGUARDED_AVAILABILITY = YES_AGGRESSIVE;
				CLANG_WARN_UNREACHABLE_CODE = YES;
				CLANG_WARN__DUPLICATE_METHOD_MATCH = YES;
				CODE_SIGN_IDENTITY = "iPhone Developer";
				COPY_PHASE_STRIP = NO;
				DEBUG_INFORMATION_FORMAT = "dwarf-with-dsym";
				ENABLE_NS_ASSERTIONS = NO;
				ENABLE_STRICT_OBJC_MSGSEND = YES;
				GCC_C_LANGUAGE_STANDARD = gnu11;
				GCC_NO_COMMON_BLOCKS = YES;
				GCC_WARN_64_TO_32_BIT_CONVERSION = YES;
				GCC_WARN_ABOUT_RETURN_TYPE = YES_ERROR;
				GCC_WARN_UNDECLARED_SELECTOR = YES;
				GCC_WARN_UNINITIALIZED_AUTOS = YES_AGGRESSIVE;
				GCC_WARN_UNUSED_FUNCTION = YES;
				GCC_WARN_UNUSED_VARIABLE = YES;
				IPHONEOS_DEPLOYMENT_TARGET = 11.3;
				MTL_ENABLE_DEBUG_INFO = NO;
				SDKROOT = iphoneos;
				SWIFT_COMPILATION_MODE = wholemodule;
				SWIFT_OPTIMIZATION_LEVEL = "-O";
				VALIDATE_PRODUCT = YES;
			};
			name = Release;
		};
		47EEA3701FF02DDD0030BEF1 /* Debug */ = {
			isa = XCBuildConfiguration;
			buildSettings = {
				ALWAYS_EMBED_SWIFT_STANDARD_LIBRARIES = YES;
				ASSETCATALOG_COMPILER_APPICON_NAME = AppIcon;
				CODE_SIGN_ENTITLEMENTS = llitgi/Resources/llitgi.entitlements;
				CODE_SIGN_STYLE = Automatic;
				DEBUG_INFORMATION_FORMAT = "dwarf-with-dsym";
				DEVELOPMENT_TEAM = 63PYRNNP7M;
				INFOPLIST_FILE = "$(SRCROOT)/llitgi/Resources/Info.plist";
				IPHONEOS_DEPLOYMENT_TARGET = 11.0;
				LD_RUNPATH_SEARCH_PATHS = (
					"$(inherited)",
					"@executable_path/Frameworks",
				);
				PRODUCT_BUNDLE_IDENTIFIER = com.xmollv.llitgi;
				PRODUCT_NAME = "$(TARGET_NAME)";
				SWIFT_VERSION = 4.0;
				TARGETED_DEVICE_FAMILY = 1;
			};
			name = Debug;
		};
		47EEA3711FF02DDD0030BEF1 /* Release */ = {
			isa = XCBuildConfiguration;
			buildSettings = {
				ALWAYS_EMBED_SWIFT_STANDARD_LIBRARIES = YES;
				ASSETCATALOG_COMPILER_APPICON_NAME = AppIcon;
				CODE_SIGN_ENTITLEMENTS = llitgi/Resources/llitgi.entitlements;
				CODE_SIGN_STYLE = Automatic;
				DEVELOPMENT_TEAM = 63PYRNNP7M;
				INFOPLIST_FILE = "$(SRCROOT)/llitgi/Resources/Info.plist";
				IPHONEOS_DEPLOYMENT_TARGET = 11.0;
				LD_RUNPATH_SEARCH_PATHS = (
					"$(inherited)",
					"@executable_path/Frameworks",
				);
				PRODUCT_BUNDLE_IDENTIFIER = com.xmollv.llitgi;
				PRODUCT_NAME = "$(TARGET_NAME)";
				SWIFT_VERSION = 4.0;
				TARGETED_DEVICE_FAMILY = 1;
			};
			name = Release;
		};
/* End XCBuildConfiguration section */

/* Begin XCConfigurationList section */
		475E177820262CAD007033F1 /* Build configuration list for PBXNativeTarget "ShareExtension" */ = {
			isa = XCConfigurationList;
			buildConfigurations = (
				475E177920262CAD007033F1 /* Debug */,
				475E177A20262CAD007033F1 /* Release */,
			);
			defaultConfigurationIsVisible = 0;
			defaultConfigurationName = Release;
		};
		47EEA3561FF02DDD0030BEF1 /* Build configuration list for PBXProject "llitgi" */ = {
			isa = XCConfigurationList;
			buildConfigurations = (
				47EEA36D1FF02DDD0030BEF1 /* Debug */,
				47EEA36E1FF02DDD0030BEF1 /* Release */,
			);
			defaultConfigurationIsVisible = 0;
			defaultConfigurationName = Release;
		};
		47EEA36F1FF02DDD0030BEF1 /* Build configuration list for PBXNativeTarget "llitgi" */ = {
			isa = XCConfigurationList;
			buildConfigurations = (
				47EEA3701FF02DDD0030BEF1 /* Debug */,
				47EEA3711FF02DDD0030BEF1 /* Release */,
			);
			defaultConfigurationIsVisible = 0;
			defaultConfigurationName = Release;
		};
/* End XCConfigurationList section */

/* Begin XCVersionGroup section */
		4710EF591FF451C500D3DCA9 /* CoreDataModel.xcdatamodeld */ = {
			isa = XCVersionGroup;
			children = (
				4710EF5A1FF451C500D3DCA9 /* CoreDataModel.xcdatamodel */,
			);
			currentVersion = 4710EF5A1FF451C500D3DCA9 /* CoreDataModel.xcdatamodel */;
			path = CoreDataModel.xcdatamodeld;
			sourceTree = "<group>";
			versionGroupType = wrapper.xcdatamodel;
		};
/* End XCVersionGroup section */
	};
	rootObject = 47EEA3531FF02DDD0030BEF1 /* Project object */;
}
